
Microsoft Visual Studio Solution File, Format Version 12.00
# Visual Studio 2012
Project("{D954291E-2A0B-460D-934E-DC6B0785DB48}") = "WebinarCodeStrategies1", "WebinarCodeStrategies1\WebinarCodeStrategies1.shproj", "{90224BC7-77C6-4CAF-B2DD-45C6214E2707}"
EndProject
Project("{FAE04EC0-301F-11D3-BF4B-00C04F79EFBC}") = "WebinarCodeStrategies1.iOS", "iOS\WebinarCodeStrategies1.iOS.csproj", "{61B14A01-8044-4A54-9BC6-789B58AE7388}"
EndProject
Project("{FAE04EC0-301F-11D3-BF4B-00C04F79EFBC}") = "WebinarCodeStrategies1.Droid", "Droid\WebinarCodeStrategies1.Droid.csproj", "{D33DA0EC-1AC7-47FC-87C2-D378FD55EDC3}"
EndProject
Project("{FAE04EC0-301F-11D3-BF4B-00C04F79EFBC}") = "WebinarShareStrategies1.Container", "WebinarShareStrategies1.Container\WebinarShareStrategies1.Container.csproj", "{2FF0C6E6-337B-435A-8E51-BB1CF849B71C}"
EndProject
Global
	GlobalSection(SolutionConfigurationPlatforms) = preSolution
		Debug|iPhoneSimulator = Debug|iPhoneSimulator
		Release|iPhone = Release|iPhone
		Release|iPhoneSimulator = Release|iPhoneSimulator
		Debug|iPhone = Debug|iPhone
		Debug|Any CPU = Debug|Any CPU
		Release|Any CPU = Release|Any CPU
	EndGlobalSection
	GlobalSection(ProjectConfigurationPlatforms) = postSolution
		{61B14A01-8044-4A54-9BC6-789B58AE7388}.Debug|iPhoneSimulator.ActiveCfg = Debug|iPhoneSimulator
		{61B14A01-8044-4A54-9BC6-789B58AE7388}.Debug|iPhoneSimulator.Build.0 = Debug|iPhoneSimulator
		{61B14A01-8044-4A54-9BC6-789B58AE7388}.Release|iPhone.ActiveCfg = Release|iPhone
		{61B14A01-8044-4A54-9BC6-789B58AE7388}.Release|iPhone.Build.0 = Release|iPhone
		{61B14A01-8044-4A54-9BC6-789B58AE7388}.Release|iPhoneSimulator.ActiveCfg = Release|iPhoneSimulator
		{61B14A01-8044-4A54-9BC6-789B58AE7388}.Release|iPhoneSimulator.Build.0 = Release|iPhoneSimulator
		{61B14A01-8044-4A54-9BC6-789B58AE7388}.Debug|iPhone.ActiveCfg = Debug|iPhone
		{61B14A01-8044-4A54-9BC6-789B58AE7388}.Debug|iPhone.Build.0 = Debug|iPhone
		{61B14A01-8044-4A54-9BC6-789B58AE7388}.Debug|Any CPU.ActiveCfg = Debug|iPhoneSimulator
		{61B14A01-8044-4A54-9BC6-789B58AE7388}.Debug|Any CPU.Build.0 = Debug|iPhoneSimulator
		{61B14A01-8044-4A54-9BC6-789B58AE7388}.Release|Any CPU.ActiveCfg = Release|iPhone
		{61B14A01-8044-4A54-9BC6-789B58AE7388}.Release|Any CPU.Build.0 = Release|iPhone
		{D33DA0EC-1AC7-47FC-87C2-D378FD55EDC3}.Debug|iPhoneSimulator.ActiveCfg = Debug|Any CPU
		{D33DA0EC-1AC7-47FC-87C2-D378FD55EDC3}.Debug|iPhoneSimulator.Build.0 = Debug|Any CPU
		{D33DA0EC-1AC7-47FC-87C2-D378FD55EDC3}.Release|iPhone.ActiveCfg = Release|Any CPU
		{D33DA0EC-1AC7-47FC-87C2-D378FD55EDC3}.Release|iPhone.Build.0 = Release|Any CPU
		{D33DA0EC-1AC7-47FC-87C2-D378FD55EDC3}.Release|iPhoneSimulator.ActiveCfg = Release|Any CPU
		{D33DA0EC-1AC7-47FC-87C2-D378FD55EDC3}.Release|iPhoneSimulator.Build.0 = Release|Any CPU
		{D33DA0EC-1AC7-47FC-87C2-D378FD55EDC3}.Debug|iPhone.ActiveCfg = Debug|Any CPU
		{D33DA0EC-1AC7-47FC-87C2-D378FD55EDC3}.Debug|iPhone.Build.0 = Debug|Any CPU
		{D33DA0EC-1AC7-47FC-87C2-D378FD55EDC3}.Debug|Any CPU.ActiveCfg = Debug|Any CPU
		{D33DA0EC-1AC7-47FC-87C2-D378FD55EDC3}.Debug|Any CPU.Build.0 = Debug|Any CPU
		{D33DA0EC-1AC7-47FC-87C2-D378FD55EDC3}.Release|Any CPU.ActiveCfg = Release|Any CPU
		{D33DA0EC-1AC7-47FC-87C2-D378FD55EDC3}.Release|Any CPU.Build.0 = Release|Any CPU
		{2FF0C6E6-337B-435A-8E51-BB1CF849B71C}.Debug|iPhoneSimulator.ActiveCfg = Debug|Any CPU
		{2FF0C6E6-337B-435A-8E51-BB1CF849B71C}.Debug|iPhoneSimulator.Build.0 = Debug|Any CPU
		{2FF0C6E6-337B-435A-8E51-BB1CF849B71C}.Release|iPhone.ActiveCfg = Release|Any CPU
		{2FF0C6E6-337B-435A-8E51-BB1CF849B71C}.Release|iPhone.Build.0 = Release|Any CPU
		{2FF0C6E6-337B-435A-8E51-BB1CF849B71C}.Release|iPhoneSimulator.ActiveCfg = Release|Any CPU
		{2FF0C6E6-337B-435A-8E51-BB1CF849B71C}.Release|iPhoneSimulator.Build.0 = Release|Any CPU
		{2FF0C6E6-337B-435A-8E51-BB1CF849B71C}.Debug|iPhone.ActiveCfg = Debug|Any CPU
		{2FF0C6E6-337B-435A-8E51-BB1CF849B71C}.Debug|iPhone.Build.0 = Debug|Any CPU
		{2FF0C6E6-337B-435A-8E51-BB1CF849B71C}.Debug|Any CPU.ActiveCfg = Debug|Any CPU
		{2FF0C6E6-337B-435A-8E51-BB1CF849B71C}.Debug|Any CPU.Build.0 = Debug|Any CPU
		{2FF0C6E6-337B-435A-8E51-BB1CF849B71C}.Release|Any CPU.ActiveCfg = Release|Any CPU
		{2FF0C6E6-337B-435A-8E51-BB1CF849B71C}.Release|Any CPU.Build.0 = Release|Any CPU
	EndGlobalSection
	GlobalSection(MonoDevelopProperties) = preSolution
		Policies = $0
		$0.VersionControlPolicy = $1
		$1.inheritsSet = Mono
	EndGlobalSection
EndGlobal
